
Microsoft Visual Studio Solution File, Format Version 12.00
# Visual Studio 15
VisualStudioVersion = 15.0.27004.2009
MinimumVisualStudioVersion = 10.0.40219.1
Project("{FAE04EC0-301F-11D3-BF4B-00C04F79EFBC}") = "KursachOliaMarina", "KursachOliaMarina\KursachOliaMarina.csproj", "{64422BA1-4C87-4C16-9C5D-9B7919813644}"
EndProject
Global
	GlobalSection(SolutionConfigurationPlatforms) = preSolution
		Debug|Any CPU = Debug|Any CPU
		Release|Any CPU = Release|Any CPU
	EndGlobalSection
	GlobalSection(ProjectConfigurationPlatforms) = postSolution
		{64422BA1-4C87-4C16-9C5D-9B7919813644}.Debug|Any CPU.ActiveCfg = Debug|Any CPU
		{64422BA1-4C87-4C16-9C5D-9B7919813644}.Debug|Any CPU.Build.0 = Debug|Any CPU
		{64422BA1-4C87-4C16-9C5D-9B7919813644}.Release|Any CPU.ActiveCfg = Release|Any CPU
		{64422BA1-4C87-4C16-9C5D-9B7919813644}.Release|Any CPU.Build.0 = Release|Any CPU
	EndGlobalSection
	GlobalSection(SolutionProperties) = preSolution
		HideSolutionNode = FALSE
	EndGlobalSection
	GlobalSection(ExtensibilityGlobals) = postSolution
		SolutionGuid = {6008A95F-0C20-41DC-99CD-3772657211C0}
	EndGlobalSection
EndGlobal
